
Microsoft Visual Studio Solution File, Format Version 12.00
# Visual Studio Version 17
VisualStudioVersion = 17.7.33927.210
MinimumVisualStudioVersion = 10.0.40219.1
Project("{2150E333-8FDC-42A3-9474-1A3956D46DE8}") = "Solution Items", "Solution Items", "{29526F6F-D857-4E30-BF63-6557432868A7}"
	ProjectSection(SolutionItems) = preProject
		README.md = README.md
	EndProjectSection
EndProject
Project("{F2A71F9B-5D33-465A-A702-920D77279786}") = "NlpTools.Sample", "NlpTools.Sample\NlpTools.Sample.fsproj", "{BB3DBF97-6703-4464-9057-86F1F0A85336}"
EndProject
Project("{F2A71F9B-5D33-465A-A702-920D77279786}") = "NlpTools", "NlpTools\NlpTools.fsproj", "{741A6A74-2DEE-4BE3-B1F3-53F14C9C9BBD}"
EndProject
Global
	GlobalSection(SolutionConfigurationPlatforms) = preSolution
		Debug|Any CPU = Debug|Any CPU
		Release|Any CPU = Release|Any CPU
	EndGlobalSection
	GlobalSection(ProjectConfigurationPlatforms) = postSolution
		{BB3DBF97-6703-4464-9057-86F1F0A85336}.Debug|Any CPU.ActiveCfg = Debug|Any CPU
		{BB3DBF97-6703-4464-9057-86F1F0A85336}.Debug|Any CPU.Build.0 = Debug|Any CPU
		{BB3DBF97-6703-4464-9057-86F1F0A85336}.Release|Any CPU.ActiveCfg = Release|Any CPU
		{BB3DBF97-6703-4464-9057-86F1F0A85336}.Release|Any CPU.Build.0 = Release|Any CPU
		{741A6A74-2DEE-4BE3-B1F3-53F14C9C9BBD}.Debug|Any CPU.ActiveCfg = Debug|Any CPU
		{741A6A74-2DEE-4BE3-B1F3-53F14C9C9BBD}.Debug|Any CPU.Build.0 = Debug|Any CPU
		{741A6A74-2DEE-4BE3-B1F3-53F14C9C9BBD}.Release|Any CPU.ActiveCfg = Release|Any CPU
		{741A6A74-2DEE-4BE3-B1F3-53F14C9C9BBD}.Release|Any CPU.Build.0 = Release|Any CPU
	EndGlobalSection
	GlobalSection(SolutionProperties) = preSolution
		HideSolutionNode = FALSE
	EndGlobalSection
	GlobalSection(ExtensibilityGlobals) = postSolution
		SolutionGuid = {E88686A8-522F-4691-840B-A5C228323EFE}
	EndGlobalSection
EndGlobal
